
Microsoft Visual Studio Solution File, Format Version 12.00
# Visual Studio 15
VisualStudioVersion = 15.0.25928.0
MinimumVisualStudioVersion = 10.0.40219.1
Project("{FAE04EC0-301F-11D3-BF4B-00C04F79EFBC}") = "FractalPainter", "FractalPainter\FractalPainter.csproj", "{2A3ACF0E-1D07-4A1A-8320-F99DC2DE791F}"
EndProject
Project("{2150E333-8FDC-42A3-9474-1A3956D46DE8}") = "Solution Items", "Solution Items", "{69794516-602F-468F-9F2C-9267DCFFEFAA}"
	ProjectSection(SolutionItems) = preProject
		README.md = README.md
	EndProjectSection
EndProject
Project("{FAE04EC0-301F-11D3-BF4B-00C04F79EFBC}") = "TagsCloudVisualizationTest", "TagsCloudVisualizationTest\TagsCloudVisualizationTest.csproj", "{9FFBAFEB-71C4-4359-9955-0391C0CC2514}"
EndProject
Project("{FAE04EC0-301F-11D3-BF4B-00C04F79EFBC}") = "TagsCloudVisualisation", "TagsCloudVisualisation\TagsCloudVisualisation.csproj", "{77FFB6A4-B3E6-411A-9EEF-FEF6AF217338}"
EndProject
Global
	GlobalSection(SolutionConfigurationPlatforms) = preSolution
		Debug|Any CPU = Debug|Any CPU
		Release|Any CPU = Release|Any CPU
	EndGlobalSection
	GlobalSection(ProjectConfigurationPlatforms) = postSolution
		{2A3ACF0E-1D07-4A1A-8320-F99DC2DE791F}.Debug|Any CPU.ActiveCfg = Debug|Any CPU
		{2A3ACF0E-1D07-4A1A-8320-F99DC2DE791F}.Debug|Any CPU.Build.0 = Debug|Any CPU
		{2A3ACF0E-1D07-4A1A-8320-F99DC2DE791F}.Release|Any CPU.ActiveCfg = Release|Any CPU
		{2A3ACF0E-1D07-4A1A-8320-F99DC2DE791F}.Release|Any CPU.Build.0 = Release|Any CPU
		{9FFBAFEB-71C4-4359-9955-0391C0CC2514}.Debug|Any CPU.ActiveCfg = Debug|Any CPU
		{9FFBAFEB-71C4-4359-9955-0391C0CC2514}.Debug|Any CPU.Build.0 = Debug|Any CPU
		{9FFBAFEB-71C4-4359-9955-0391C0CC2514}.Release|Any CPU.ActiveCfg = Release|Any CPU
		{9FFBAFEB-71C4-4359-9955-0391C0CC2514}.Release|Any CPU.Build.0 = Release|Any CPU
		{77FFB6A4-B3E6-411A-9EEF-FEF6AF217338}.Debug|Any CPU.ActiveCfg = Debug|Any CPU
		{77FFB6A4-B3E6-411A-9EEF-FEF6AF217338}.Debug|Any CPU.Build.0 = Debug|Any CPU
		{77FFB6A4-B3E6-411A-9EEF-FEF6AF217338}.Release|Any CPU.ActiveCfg = Release|Any CPU
		{77FFB6A4-B3E6-411A-9EEF-FEF6AF217338}.Release|Any CPU.Build.0 = Release|Any CPU
	EndGlobalSection
	GlobalSection(SolutionProperties) = preSolution
		HideSolutionNode = FALSE
	EndGlobalSection
EndGlobal
